// !$*UTF8*$!
{
	archiveVersion = 1;
	classes = {
	};
	objectVersion = 56;
	objects = {

/* Begin PBXBuildFile section */
		271F65F02B1A0C0A00E9FA35 /* AdditionalOperationButtonView.swift in Sources */ = {isa = PBXBuildFile; fileRef = 271F65EF2B1A0C0A00E9FA35 /* AdditionalOperationButtonView.swift */; };
		271F65F22B1A0D1700E9FA35 /* OperationButtonView.swift in Sources */ = {isa = PBXBuildFile; fileRef = 271F65F12B1A0D1700E9FA35 /* OperationButtonView.swift */; };
		27230F132B1942BB0009E169 /* NumButtonView.swift in Sources */ = {isa = PBXBuildFile; fileRef = 27230F122B1942BB0009E169 /* NumButtonView.swift */; };
		27230F162B194C4D0009E169 /* CustomButtonColor.swift in Sources */ = {isa = PBXBuildFile; fileRef = 27230F152B194C4D0009E169 /* CustomButtonColor.swift */; };
		27230F182B1950AA0009E169 /* CapsuleButtonView.swift in Sources */ = {isa = PBXBuildFile; fileRef = 27230F172B1950AA0009E169 /* CapsuleButtonView.swift */; };
		274F2EDD2B17C751006A4535 /* CalculatorApp.swift in Sources */ = {isa = PBXBuildFile; fileRef = 274F2EDC2B17C751006A4535 /* CalculatorApp.swift */; };
		274F2EDF2B17C751006A4535 /* ContentView.swift in Sources */ = {isa = PBXBuildFile; fileRef = 274F2EDE2B17C751006A4535 /* ContentView.swift */; };
		274F2EE32B17C753006A4535 /* Assets.xcassets in Resources */ = {isa = PBXBuildFile; fileRef = 274F2EE22B17C753006A4535 /* Assets.xcassets */; };
		274F2EE62B17C753006A4535 /* Preview Assets.xcassets in Resources */ = {isa = PBXBuildFile; fileRef = 274F2EE52B17C753006A4535 /* Preview Assets.xcassets */; };
/* End PBXBuildFile section */

/* Begin PBXFileReference section */
		271F65EF2B1A0C0A00E9FA35 /* AdditionalOperationButtonView.swift */ = {isa = PBXFileReference; lastKnownFileType = sourcecode.swift; path = AdditionalOperationButtonView.swift; sourceTree = "<group>"; };
		271F65F12B1A0D1700E9FA35 /* OperationButtonView.swift */ = {isa = PBXFileReference; lastKnownFileType = sourcecode.swift; path = OperationButtonView.swift; sourceTree = "<group>"; };
		27230F122B1942BB0009E169 /* NumButtonView.swift */ = {isa = PBXFileReference; lastKnownFileType = sourcecode.swift; path = NumButtonView.swift; sourceTree = "<group>"; };
		27230F152B194C4D0009E169 /* CustomButtonColor.swift */ = {isa = PBXFileReference; lastKnownFileType = sourcecode.swift; path = CustomButtonColor.swift; sourceTree = "<group>"; };
		27230F172B1950AA0009E169 /* CapsuleButtonView.swift */ = {isa = PBXFileReference; lastKnownFileType = sourcecode.swift; path = CapsuleButtonView.swift; sourceTree = "<group>"; };
		274F2ED92B17C751006A4535 /* Calculator.app */ = {isa = PBXFileReference; explicitFileType = wrapper.application; includeInIndex = 0; path = Calculator.app; sourceTree = BUILT_PRODUCTS_DIR; };
		274F2EDC2B17C751006A4535 /* CalculatorApp.swift */ = {isa = PBXFileReference; lastKnownFileType = sourcecode.swift; path = CalculatorApp.swift; sourceTree = "<group>"; };
		274F2EDE2B17C751006A4535 /* ContentView.swift */ = {isa = PBXFileReference; lastKnownFileType = sourcecode.swift; path = ContentView.swift; sourceTree = "<group>"; };
		274F2EE22B17C753006A4535 /* Assets.xcassets */ = {isa = PBXFileReference; lastKnownFileType = folder.assetcatalog; path = Assets.xcassets; sourceTree = "<group>"; };
		274F2EE52B17C753006A4535 /* Preview Assets.xcassets */ = {isa = PBXFileReference; lastKnownFileType = folder.assetcatalog; path = "Preview Assets.xcassets"; sourceTree = "<group>"; };
/* End PBXFileReference section */

/* Begin PBXFrameworksBuildPhase section */
		274F2ED62B17C751006A4535 /* Frameworks */ = {
			isa = PBXFrameworksBuildPhase;
			buildActionMask = 2147483647;
			files = (
			);
			runOnlyForDeploymentPostprocessing = 0;
		};
/* End PBXFrameworksBuildPhase section */

/* Begin PBXGroup section */
		27230F112B1942A90009E169 /* Components */ = {
			isa = PBXGroup;
			children = (
				27230F122B1942BB0009E169 /* NumButtonView.swift */,
				271F65EF2B1A0C0A00E9FA35 /* AdditionalOperationButtonView.swift */,
				271F65F12B1A0D1700E9FA35 /* OperationButtonView.swift */,
				27230F172B1950AA0009E169 /* CapsuleButtonView.swift */,
			);
			path = Components;
			sourceTree = "<group>";
		};
		27230F142B194C3F0009E169 /* Utility */ = {
			isa = PBXGroup;
			children = (
				27230F152B194C4D0009E169 /* CustomButtonColor.swift */,
			);
			path = Utility;
			sourceTree = "<group>";
		};
		274F2ED02B17C751006A4535 = {
			isa = PBXGroup;
			children = (
				274F2EDB2B17C751006A4535 /* Calculator */,
				274F2EDA2B17C751006A4535 /* Products */,
			);
			sourceTree = "<group>";
		};
		274F2EDA2B17C751006A4535 /* Products */ = {
			isa = PBXGroup;
			children = (
				274F2ED92B17C751006A4535 /* Calculator.app */,
			);
			name = Products;
			sourceTree = "<group>";
		};
		274F2EDB2B17C751006A4535 /* Calculator */ = {
			isa = PBXGroup;
			children = (
				274F2EDC2B17C751006A4535 /* CalculatorApp.swift */,
				274F2EDE2B17C751006A4535 /* ContentView.swift */,
				27230F142B194C3F0009E169 /* Utility */,
				27230F112B1942A90009E169 /* Components */,
				274F2EE22B17C753006A4535 /* Assets.xcassets */,
				274F2EE42B17C753006A4535 /* Preview Content */,
			);
			path = Calculator;
			sourceTree = "<group>";
		};
		274F2EE42B17C753006A4535 /* Preview Content */ = {
			isa = PBXGroup;
			children = (
				274F2EE52B17C753006A4535 /* Preview Assets.xcassets */,
			);
			path = "Preview Content";
			sourceTree = "<group>";
		};
/* End PBXGroup section */

/* Begin PBXNativeTarget section */
		274F2ED82B17C751006A4535 /* Calculator */ = {
			isa = PBXNativeTarget;
			buildConfigurationList = 274F2EE92B17C753006A4535 /* Build configuration list for PBXNativeTarget "Calculator" */;
			buildPhases = (
				274F2ED52B17C751006A4535 /* Sources */,
				274F2ED62B17C751006A4535 /* Frameworks */,
				274F2ED72B17C751006A4535 /* Resources */,
			);
			buildRules = (
			);
			dependencies = (
			);
			name = Calculator;
			productName = Calculator;
			productReference = 274F2ED92B17C751006A4535 /* Calculator.app */;
			productType = "com.apple.product-type.application";
		};
/* End PBXNativeTarget section */

/* Begin PBXProject section */
		274F2ED12B17C751006A4535 /* Project object */ = {
			isa = PBXProject;
			attributes = {
				BuildIndependentTargetsInParallel = 1;
				LastSwiftUpdateCheck = 1500;
				LastUpgradeCheck = 1500;
				TargetAttributes = {
					274F2ED82B17C751006A4535 = {
						CreatedOnToolsVersion = 15.0.1;
					};
				};
			};
			buildConfigurationList = 274F2ED42B17C751006A4535 /* Build configuration list for PBXProject "Calculator" */;
			compatibilityVersion = "Xcode 14.0";
			developmentRegion = en;
			hasScannedForEncodings = 0;
			knownRegions = (
				en,
				Base,
			);
			mainGroup = 274F2ED02B17C751006A4535;
			productRefGroup = 274F2EDA2B17C751006A4535 /* Products */;
			projectDirPath = "";
			projectRoot = "";
			targets = (
				274F2ED82B17C751006A4535 /* Calculator */,
			);
		};
/* End PBXProject section */

/* Begin PBXResourcesBuildPhase section */
		274F2ED72B17C751006A4535 /* Resources */ = {
			isa = PBXResourcesBuildPhase;
			buildActionMask = 2147483647;
			files = (
				274F2EE62B17C753006A4535 /* Preview Assets.xcassets in Resources */,
				274F2EE32B17C753006A4535 /* Assets.xcassets in Resources */,
			);
			runOnlyForDeploymentPostprocessing = 0;
		};
/* End PBXResourcesBuildPhase section */

/* Begin PBXSourcesBuildPhase section */
		274F2ED52B17C751006A4535 /* Sources */ = {
			isa = PBXSourcesBuildPhase;
			buildActionMask = 2147483647;
			files = (
				27230F182B1950AA0009E169 /* CapsuleButtonView.swift in Sources */,
				271F65F02B1A0C0A00E9FA35 /* AdditionalOperationButtonView.swift in Sources */,
				274F2EDF2B17C751006A4535 /* ContentView.swift in Sources */,
				271F65F22B1A0D1700E9FA35 /* OperationButtonView.swift in Sources */,
				27230F162B194C4D0009E169 /* CustomButtonColor.swift in Sources */,
				274F2EDD2B17C751006A4535 /* CalculatorApp.swift in Sources */,
				27230F132B1942BB0009E169 /* NumButtonView.swift in Sources */,
			);
			runOnlyForDeploymentPostprocessing = 0;
		};
/* End PBXSourcesBuildPhase section */

/* Begin XCBuildConfiguration section */
		274F2EE72B17C753006A4535 /* Debug */ = {
			isa = XCBuildConfiguration;
			buildSettings = {
				ALWAYS_SEARCH_USER_PATHS = NO;
				ASSETCATALOG_COMPILER_GENERATE_SWIFT_ASSET_SYMBOL_EXTENSIONS = YES;
				CLANG_ANALYZER_NONNULL = YES;
				CLANG_ANALYZER_NUMBER_OBJECT_CONVERSION = YES_AGGRESSIVE;
				CLANG_CXX_LANGUAGE_STANDARD = "gnu++20";
				CLANG_ENABLE_MODULES = YES;
				CLANG_ENABLE_OBJC_ARC = YES;
				CLANG_ENABLE_OBJC_WEAK = YES;
				CLANG_WARN_BLOCK_CAPTURE_AUTORELEASING = YES;
				CLANG_WARN_BOOL_CONVERSION = YES;
				CLANG_WARN_COMMA = YES;
				CLANG_WARN_CONSTANT_CONVERSION = YES;
				CLANG_WARN_DEPRECATED_OBJC_IMPLEMENTATIONS = YES;
				CLANG_WARN_DIRECT_OBJC_ISA_USAGE = YES_ERROR;
				CLANG_WARN_DOCUMENTATION_COMMENTS = YES;
				CLANG_WARN_EMPTY_BODY = YES;
				CLANG_WARN_ENUM_CONVERSION = YES;
				CLANG_WARN_INFINITE_RECURSION = YES;
				CLANG_WARN_INT_CONVERSION = YES;
				CLANG_WARN_NON_LITERAL_NULL_CONVERSION = YES;
				CLANG_WARN_OBJC_IMPLICIT_RETAIN_SELF = YES;
				CLANG_WARN_OBJC_LITERAL_CONVERSION = YES;
				CLANG_WARN_OBJC_ROOT_CLASS = YES_ERROR;
				CLANG_WARN_QUOTED_INCLUDE_IN_FRAMEWORK_HEADER = YES;
				CLANG_WARN_RANGE_LOOP_ANALYSIS = YES;
				CLANG_WARN_STRICT_PROTOTYPES = YES;
				CLANG_WARN_SUSPICIOUS_MOVE = YES;
				CLANG_WARN_UNGUARDED_AVAILABILITY = YES_AGGRESSIVE;
				CLANG_WARN_UNREACHABLE_CODE = YES;
				CLANG_WARN__DUPLICATE_METHOD_MATCH = YES;
				COPY_PHASE_STRIP = NO;
				DEBUG_INFORMATION_FORMAT = dwarf;
				ENABLE_STRICT_OBJC_MSGSEND = YES;
				ENABLE_TESTABILITY = YES;
				ENABLE_USER_SCRIPT_SANDBOXING = YES;
				GCC_C_LANGUAGE_STANDARD = gnu17;
				GCC_DYNAMIC_NO_PIC = NO;
				GCC_NO_COMMON_BLOCKS = YES;
				GCC_OPTIMIZATION_LEVEL = 0;
				GCC_PREPROCESSOR_DEFINITIONS = (
					"DEBUG=1",
					"$(inherited)",
				);
				GCC_WARN_64_TO_32_BIT_CONVERSION = YES;
				GCC_WARN_ABOUT_RETURN_TYPE = YES_ERROR;
				GCC_WARN_UNDECLARED_SELECTOR = YES;
				GCC_WARN_UNINITIALIZED_AUTOS = YES_AGGRESSIVE;
				GCC_WARN_UNUSED_FUNCTION = YES;
				GCC_WARN_UNUSED_VARIABLE = YES;
				IPHONEOS_DEPLOYMENT_TARGET = 17.0;
				LOCALIZATION_PREFERS_STRING_CATALOGS = YES;
				MTL_ENABLE_DEBUG_INFO = INCLUDE_SOURCE;
				MTL_FAST_MATH = YES;
				ONLY_ACTIVE_ARCH = YES;
				SDKROOT = iphoneos;
				SWIFT_ACTIVE_COMPILATION_CONDITIONS = "DEBUG $(inherited)";
				SWIFT_OPTIMIZATION_LEVEL = "-Onone";
			};
			name = Debug;
		};
		274F2EE82B17C753006A4535 /* Release */ = {
			isa = XCBuildConfiguration;
			buildSettings = {
				ALWAYS_SEARCH_USER_PATHS = NO;
				ASSETCATALOG_COMPILER_GENERATE_SWIFT_ASSET_SYMBOL_EXTENSIONS = YES;
				CLANG_ANALYZER_NONNULL = YES;
				CLANG_ANALYZER_NUMBER_OBJECT_CONVERSION = YES_AGGRESSIVE;
				CLANG_CXX_LANGUAGE_STANDARD = "gnu++20";
				CLANG_ENABLE_MODULES = YES;
				CLANG_ENABLE_OBJC_ARC = YES;
				CLANG_ENABLE_OBJC_WEAK = YES;
				CLANG_WARN_BLOCK_CAPTURE_AUTORELEASING = YES;
				CLANG_WARN_BOOL_CONVERSION = YES;
				CLANG_WARN_COMMA = YES;
				CLANG_WARN_CONSTANT_CONVERSION = YES;
				CLANG_WARN_DEPRECATED_OBJC_IMPLEMENTATIONS = YES;
				CLANG_WARN_DIRECT_OBJC_ISA_USAGE = YES_ERROR;
				CLANG_WARN_DOCUMENTATION_COMMENTS = YES;
				CLANG_WARN_EMPTY_BODY = YES;
				CLANG_WARN_ENUM_CONVERSION = YES;
				CLANG_WARN_INFINITE_RECURSION = YES;
				CLANG_WARN_INT_CONVERSION = YES;
				CLANG_WARN_NON_LITERAL_NULL_CONVERSION = YES;
				CLANG_WARN_OBJC_IMPLICIT_RETAIN_SELF = YES;
				CLANG_WARN_OBJC_LITERAL_CONVERSION = YES;
				CLANG_WARN_OBJC_ROOT_CLASS = YES_ERROR;
				CLANG_WARN_QUOTED_INCLUDE_IN_FRAMEWORK_HEADER = YES;
				CLANG_WARN_RANGE_LOOP_ANALYSIS = YES;
				CLANG_WARN_STRICT_PROTOTYPES = YES;
				CLANG_WARN_SUSPICIOUS_MOVE = YES;
				CLANG_WARN_UNGUARDED_AVAILABILITY = YES_AGGRESSIVE;
				CLANG_WARN_UNREACHABLE_CODE = YES;
				CLANG_WARN__DUPLICATE_METHOD_MATCH = YES;
				COPY_PHASE_STRIP = NO;
				DEBUG_INFORMATION_FORMAT = "dwarf-with-dsym";
				ENABLE_NS_ASSERTIONS = NO;
				ENABLE_STRICT_OBJC_MSGSEND = YES;
				ENABLE_USER_SCRIPT_SANDBOXING = YES;
				GCC_C_LANGUAGE_STANDARD = gnu17;
				GCC_NO_COMMON_BLOCKS = YES;
				GCC_WARN_64_TO_32_BIT_CONVERSION = YES;
				GCC_WARN_ABOUT_RETURN_TYPE = YES_ERROR;
				GCC_WARN_UNDECLARED_SELECTOR = YES;
				GCC_WARN_UNINITIALIZED_AUTOS = YES_AGGRESSIVE;
				GCC_WARN_UNUSED_FUNCTION = YES;
				GCC_WARN_UNUSED_VARIABLE = YES;
				IPHONEOS_DEPLOYMENT_TARGET = 17.0;
				LOCALIZATION_PREFERS_STRING_CATALOGS = YES;
				MTL_ENABLE_DEBUG_INFO = NO;
				MTL_FAST_MATH = YES;
				SDKROOT = iphoneos;
				SWIFT_COMPILATION_MODE = wholemodule;
				VALIDATE_PRODUCT = YES;
			};
			name = Release;
		};
		274F2EEA2B17C753006A4535 /* Debug */ = {
			isa = XCBuildConfiguration;
			buildSettings = {
				ASSETCATALOG_COMPILER_APPICON_NAME = AppIcon;
				ASSETCATALOG_COMPILER_GLOBAL_ACCENT_COLOR_NAME = AccentColor;
				CODE_SIGN_STYLE = Automatic;
				CURRENT_PROJECT_VERSION = 1;
				DEVELOPMENT_ASSET_PATHS = "\"Calculator/Preview Content\"";
				DEVELOPMENT_TEAM = K9YT824399;
				ENABLE_PREVIEWS = YES;
				GENERATE_INFOPLIST_FILE = YES;
				INFOPLIST_KEY_UIApplicationSceneManifest_Generation = YES;
				INFOPLIST_KEY_UIApplicationSupportsIndirectInputEvents = YES;
				INFOPLIST_KEY_UILaunchScreen_Generation = YES;
				INFOPLIST_KEY_UISupportedInterfaceOrientations_iPad = "UIInterfaceOrientationPortrait UIInterfaceOrientationPortraitUpsideDown UIInterfaceOrientationLandscapeLeft UIInterfaceOrientationLandscapeRight";
				INFOPLIST_KEY_UISupportedInterfaceOrientations_iPhone = "UIInterfaceOrientationPortrait UIInterfaceOrientationLandscapeLeft UIInterfaceOrientationLandscapeRight";
				LD_RUNPATH_SEARCH_PATHS = (
					"$(inherited)",
					"@executable_path/Frameworks",
				);
				MARKETING_VERSION = 1.0;
				PRODUCT_BUNDLE_IDENTIFIER = com.vintuss.Calculator;
				PRODUCT_NAME = "$(TARGET_NAME)";
				SWIFT_EMIT_LOC_STRINGS = YES;
				SWIFT_VERSION = 5.0;
				TARGETED_DEVICE_FAMILY = "1,2";
			};
			name = Debug;
		};
		274F2EEB2B17C753006A4535 /* Release */ = {
			isa = XCBuildConfiguration;
			buildSettings = {
				ASSETCATALOG_COMPILER_APPICON_NAME = AppIcon;
				ASSETCATALOG_COMPILER_GLOBAL_ACCENT_COLOR_NAME = AccentColor;
				CODE_SIGN_STYLE = Automatic;
				CURRENT_PROJECT_VERSION = 1;
				DEVELOPMENT_ASSET_PATHS = "\"Calculator/Preview Content\"";
				DEVELOPMENT_TEAM = K9YT824399;
				ENABLE_PREVIEWS = YES;
				GENERATE_INFOPLIST_FILE = YES;
				INFOPLIST_KEY_UIApplicationSceneManifest_Generation = YES;
				INFOPLIST_KEY_UIApplicationSupportsIndirectInputEvents = YES;
				INFOPLIST_KEY_UILaunchScreen_Generation = YES;
				INFOPLIST_KEY_UISupportedInterfaceOrientations_iPad = "UIInterfaceOrientationPortrait UIInterfaceOrientationPortraitUpsideDown UIInterfaceOrientationLandscapeLeft UIInterfaceOrientationLandscapeRight";
				INFOPLIST_KEY_UISupportedInterfaceOrientations_iPhone = "UIInterfaceOrientationPortrait UIInterfaceOrientationLandscapeLeft UIInterfaceOrientationLandscapeRight";
				LD_RUNPATH_SEARCH_PATHS = (
					"$(inherited)",
					"@executable_path/Frameworks",
				);
				MARKETING_VERSION = 1.0;
				PRODUCT_BUNDLE_IDENTIFIER = com.vintuss.Calculator;
				PRODUCT_NAME = "$(TARGET_NAME)";
				SWIFT_EMIT_LOC_STRINGS = YES;
				SWIFT_VERSION = 5.0;
				TARGETED_DEVICE_FAMILY = "1,2";
			};
			name = Release;
		};
/* End XCBuildConfiguration section */

/* Begin XCConfigurationList section */
		274F2ED42B17C751006A4535 /* Build configuration list for PBXProject "Calculator" */ = {
			isa = XCConfigurationList;
			buildConfigurations = (
				274F2EE72B17C753006A4535 /* Debug */,
				274F2EE82B17C753006A4535 /* Release */,
			);
			defaultConfigurationIsVisible = 0;
			defaultConfigurationName = Release;
		};
		274F2EE92B17C753006A4535 /* Build configuration list for PBXNativeTarget "Calculator" */ = {
			isa = XCConfigurationList;
			buildConfigurations = (
				274F2EEA2B17C753006A4535 /* Debug */,
				274F2EEB2B17C753006A4535 /* Release */,
			);
			defaultConfigurationIsVisible = 0;
			defaultConfigurationName = Release;
		};
/* End XCConfigurationList section */
	};
	rootObject = 274F2ED12B17C751006A4535 /* Project object */;
}
